
Microsoft Visual Studio Solution File, Format Version 12.00
# Visual Studio Version 17
VisualStudioVersion = 17.6.33801.468
MinimumVisualStudioVersion = 10.0.40219.1
Project("{8BC9CEB8-8B4A-11D0-8D11-00A0C91BC942}") = "Off_Computer_Exe", "Off_Computer_Exe\Off_Computer_Exe.vcxproj", "{EBE909C9-A3A8-4534-B9BF-68D7098B0912}"
EndProject
Global
	GlobalSection(SolutionConfigurationPlatforms) = preSolution
		Debug|x64 = Debug|x64
		Debug|x86 = Debug|x86
		Release|x64 = Release|x64
		Release|x86 = Release|x86
	EndGlobalSection
	GlobalSection(ProjectConfigurationPlatforms) = postSolution
		{EBE909C9-A3A8-4534-B9BF-68D7098B0912}.Debug|x64.ActiveCfg = Debug|x64
		{EBE909C9-A3A8-4534-B9BF-68D7098B0912}.Debug|x64.Build.0 = Debug|x64
		{EBE909C9-A3A8-4534-B9BF-68D7098B0912}.Debug|x86.ActiveCfg = Debug|Win32
		{EBE909C9-A3A8-4534-B9BF-68D7098B0912}.Debug|x86.Build.0 = Debug|Win32
		{EBE909C9-A3A8-4534-B9BF-68D7098B0912}.Release|x64.ActiveCfg = Release|x64
		{EBE909C9-A3A8-4534-B9BF-68D7098B0912}.Release|x64.Build.0 = Release|x64
		{EBE909C9-A3A8-4534-B9BF-68D7098B0912}.Release|x86.ActiveCfg = Release|Win32
		{EBE909C9-A3A8-4534-B9BF-68D7098B0912}.Release|x86.Build.0 = Release|Win32
	EndGlobalSection
	GlobalSection(SolutionProperties) = preSolution
		HideSolutionNode = FALSE
	EndGlobalSection
	GlobalSection(ExtensibilityGlobals) = postSolution
		SolutionGuid = {B381B1B1-D99C-4A3D-9037-7CD9CA90BBCF}
	EndGlobalSection
EndGlobal
